PODS:
  - CryptoSwift (1.8.4)
  - Flutter (1.0.0)
  - flutter_callkit_incoming (0.0.1):
    - CryptoSwift
    - Flutter
  - permission_handler_apple (9.3.0):
    - Flutter

DEPENDENCIES:
  - Flutter (from `Flutter`)
  - flutter_callkit_incoming (from `.symlinks/plugins/flutter_callkit_incoming/ios`)
  - permission_handler_apple (from `.symlinks/plugins/permission_handler_apple/ios`)

SPEC REPOS:
  trunk:
    - CryptoSwift

EXTERNAL SOURCES:
  Flutter:
    :path: Flutter
  flutter_callkit_incoming:
    :path: ".symlinks/plugins/flutter_callkit_incoming/ios"
  permission_handler_apple:
    :path: ".symlinks/plugins/permission_handler_apple/ios"

SPEC CHECKSUMS:
  CryptoSwift: e64e11850ede528a02a0f3e768cec8e9d92ecb90
  Flutter: e0871f40cf51350855a761d2e70bf5af5b9b5de7
  flutter_callkit_incoming: 417dd1b46541cdd5d855ad795ccbe97d1c18155e
  permission_handler_apple: 9878588469a2b0d0fc1e048d9f43605f92e6cec2

PODFILE CHECKSUM: b1a4bec639866c36bb8d7b0a3038f4f917f8a35a

COCOAPODS: 1.16.2
